// !$*UTF8*$!
{
	archiveVersion = 1;
	classes = {
	};
	objectVersion = 56;
	objects = {

/* Begin PBXBuildFile section */
		991968482BC1F4B800DFA535 /* HealthManagementToolApp.swift in Sources */ = {isa = PBXBuildFile; fileRef = 991968472BC1F4B800DFA535 /* HealthManagementToolApp.swift */; };
		9919684A2BC1F4B800DFA535 /* ContentView.swift in Sources */ = {isa = PBXBuildFile; fileRef = 991968492BC1F4B800DFA535 /* ContentView.swift */; };
		9919684C2BC1F4BA00DFA535 /* Assets.xcassets in Resources */ = {isa = PBXBuildFile; fileRef = 9919684B2BC1F4BA00DFA535 /* Assets.xcassets */; };
		9919684F2BC1F4BA00DFA535 /* Preview Assets.xcassets in Resources */ = {isa = PBXBuildFile; fileRef = 9919684E2BC1F4BA00DFA535 /* Preview Assets.xcassets */; };
		991968592BC1F4BA00DFA535 /* HealthManagementToolTests.swift in Sources */ = {isa = PBXBuildFile; fileRef = 991968582BC1F4BA00DFA535 /* HealthManagementToolTests.swift */; };
		991968632BC1F4BA00DFA535 /* HealthManagementToolUITests.swift in Sources */ = {isa = PBXBuildFile; fileRef = 991968622BC1F4BA00DFA535 /* HealthManagementToolUITests.swift */; };
		991968652BC1F4BA00DFA535 /* HealthManagementToolUITestsLaunchTests.swift in Sources */ = {isa = PBXBuildFile; fileRef = 991968642BC1F4BA00DFA535 /* HealthManagementToolUITestsLaunchTests.swift */; };
		991968752BC1F7DE00DFA535 /* FirebaseAnalytics in Frameworks */ = {isa = PBXBuildFile; productRef = 991968742BC1F7DE00DFA535 /* FirebaseAnalytics */; };
		991968772BC1F7DE00DFA535 /* FirebaseFirestore in Frameworks */ = {isa = PBXBuildFile; productRef = 991968762BC1F7DE00DFA535 /* FirebaseFirestore */; };
		991968792BC1F7DE00DFA535 /* FirebaseFirestoreSwift in Frameworks */ = {isa = PBXBuildFile; productRef = 991968782BC1F7DE00DFA535 /* FirebaseFirestoreSwift */; };
		99A9CE6B2BD5B49200345FEB /* BloodSugarLogView.swift in Sources */ = {isa = PBXBuildFile; fileRef = 99A9CE6A2BD5B49200345FEB /* BloodSugarLogView.swift */; };
		99A9CE6F2BD5B97200345FEB /* MedicationViewModel.swift in Sources */ = {isa = PBXBuildFile; fileRef = 99A9CE6E2BD5B97200345FEB /* MedicationViewModel.swift */; };
		99A9CE712BD5BC7500345FEB /* MedicationModel.swift in Sources */ = {isa = PBXBuildFile; fileRef = 99A9CE702BD5BC7500345FEB /* MedicationModel.swift */; };
		99A9CE732BD7449600345FEB /* MedicationDetails.swift in Sources */ = {isa = PBXBuildFile; fileRef = 99A9CE722BD7449600345FEB /* MedicationDetails.swift */; };
		99A9CE802BDD9D1E00345FEB /* NewMedicationView.swift in Sources */ = {isa = PBXBuildFile; fileRef = 99A9CE7F2BDD9D1E00345FEB /* NewMedicationView.swift */; };
		99A9CE822BDDA01B00345FEB /* EditMedicationView.swift in Sources */ = {isa = PBXBuildFile; fileRef = 99A9CE812BDDA01B00345FEB /* EditMedicationView.swift */; };
		99AC87F42BCF380500EF6DFB /* GoogleService-Info.plist in Resources */ = {isa = PBXBuildFile; fileRef = 99AC87F32BCF380500EF6DFB /* GoogleService-Info.plist */; };
		99AF23652BCC58FE002CEBE3 /* FirebaseAuth in Frameworks */ = {isa = PBXBuildFile; productRef = 99AF23642BCC58FE002CEBE3 /* FirebaseAuth */; };
		99AF23672BCC5C5A002CEBE3 /* AuthManager.swift in Sources */ = {isa = PBXBuildFile; fileRef = 99AF23662BCC5C5A002CEBE3 /* AuthManager.swift */; };
		99AF23692BCC7483002CEBE3 /* ListView.swift in Sources */ = {isa = PBXBuildFile; fileRef = 99AF23682BCC7483002CEBE3 /* ListView.swift */; };
		99B0C5E32BD4823A003DBFCE /* PageLoadView.swift in Sources */ = {isa = PBXBuildFile; fileRef = 99B0C5E22BD4823A003DBFCE /* PageLoadView.swift */; };
		99B0C5E52BD48686003DBFCE /* MedicationsView.swift in Sources */ = {isa = PBXBuildFile; fileRef = 99B0C5E42BD48686003DBFCE /* MedicationsView.swift */; };
		99B0C5E72BD486AC003DBFCE /* PharmaciesView.swift in Sources */ = {isa = PBXBuildFile; fileRef = 99B0C5E62BD486AC003DBFCE /* PharmaciesView.swift */; };
		99B0C5E92BD486D9003DBFCE /* PhysiciansView.swift in Sources */ = {isa = PBXBuildFile; fileRef = 99B0C5E82BD486D9003DBFCE /* PhysiciansView.swift */; };
		99B0C5EB2BD486EB003DBFCE /* BloodPresureLogView.swift in Sources */ = {isa = PBXBuildFile; fileRef = 99B0C5EA2BD486EB003DBFCE /* BloodPresureLogView.swift */; };
/* End PBXBuildFile section */

/* Begin PBXContainerItemProxy section */
		991968552BC1F4BA00DFA535 /* PBXContainerItemProxy */ = {
			isa = PBXContainerItemProxy;
			containerPortal = 9919683C2BC1F4B800DFA535 /* Project object */;
			proxyType = 1;
			remoteGlobalIDString = 991968432BC1F4B800DFA535;
			remoteInfo = HealthManagementTool;
		};
		9919685F2BC1F4BA00DFA535 /* PBXContainerItemProxy */ = {
			isa = PBXContainerItemProxy;
			containerPortal = 9919683C2BC1F4B800DFA535 /* Project object */;
			proxyType = 1;
			remoteGlobalIDString = 991968432BC1F4B800DFA535;
			remoteInfo = HealthManagementTool;
		};
/* End PBXContainerItemProxy section */

/* Begin PBXFileReference section */
		991968442BC1F4B800DFA535 /* HealthManagementTool.app */ = {isa = PBXFileReference; explicitFileType = wrapper.application; includeInIndex = 0; path = HealthManagementTool.app; sourceTree = BUILT_PRODUCTS_DIR; };
		991968472BC1F4B800DFA535 /* HealthManagementToolApp.swift */ = {isa = PBXFileReference; lastKnownFileType = sourcecode.swift; path = HealthManagementToolApp.swift; sourceTree = "<group>"; };
		991968492BC1F4B800DFA535 /* ContentView.swift */ = {isa = PBXFileReference; lastKnownFileType = sourcecode.swift; path = ContentView.swift; sourceTree = "<group>"; };
		9919684B2BC1F4BA00DFA535 /* Assets.xcassets */ = {isa = PBXFileReference; lastKnownFileType = folder.assetcatalog; path = Assets.xcassets; sourceTree = "<group>"; };
		9919684E2BC1F4BA00DFA535 /* Preview Assets.xcassets */ = {isa = PBXFileReference; lastKnownFileType = folder.assetcatalog; path = "Preview Assets.xcassets"; sourceTree = "<group>"; };
		991968542BC1F4BA00DFA535 /* HealthManagementToolTests.xctest */ = {isa = PBXFileReference; explicitFileType = wrapper.cfbundle; includeInIndex = 0; path = HealthManagementToolTests.xctest; sourceTree = BUILT_PRODUCTS_DIR; };
		991968582BC1F4BA00DFA535 /* HealthManagementToolTests.swift */ = {isa = PBXFileReference; lastKnownFileType = sourcecode.swift; path = HealthManagementToolTests.swift; sourceTree = "<group>"; };
		9919685E2BC1F4BA00DFA535 /* HealthManagementToolUITests.xctest */ = {isa = PBXFileReference; explicitFileType = wrapper.cfbundle; includeInIndex = 0; path = HealthManagementToolUITests.xctest; sourceTree = BUILT_PRODUCTS_DIR; };
		991968622BC1F4BA00DFA535 /* HealthManagementToolUITests.swift */ = {isa = PBXFileReference; lastKnownFileType = sourcecode.swift; path = HealthManagementToolUITests.swift; sourceTree = "<group>"; };
		991968642BC1F4BA00DFA535 /* HealthManagementToolUITestsLaunchTests.swift */ = {isa = PBXFileReference; lastKnownFileType = sourcecode.swift; path = HealthManagementToolUITestsLaunchTests.swift; sourceTree = "<group>"; };
		99A9CE6A2BD5B49200345FEB /* BloodSugarLogView.swift */ = {isa = PBXFileReference; lastKnownFileType = sourcecode.swift; path = BloodSugarLogView.swift; sourceTree = "<group>"; };
		99A9CE6E2BD5B97200345FEB /* MedicationViewModel.swift */ = {isa = PBXFileReference; lastKnownFileType = sourcecode.swift; path = MedicationViewModel.swift; sourceTree = "<group>"; };
		99A9CE702BD5BC7500345FEB /* MedicationModel.swift */ = {isa = PBXFileReference; lastKnownFileType = sourcecode.swift; path = MedicationModel.swift; sourceTree = "<group>"; };
		99A9CE722BD7449600345FEB /* MedicationDetails.swift */ = {isa = PBXFileReference; lastKnownFileType = sourcecode.swift; path = MedicationDetails.swift; sourceTree = "<group>"; };
		99A9CE7F2BDD9D1E00345FEB /* NewMedicationView.swift */ = {isa = PBXFileReference; lastKnownFileType = sourcecode.swift; path = NewMedicationView.swift; sourceTree = "<group>"; };
		99A9CE812BDDA01B00345FEB /* EditMedicationView.swift */ = {isa = PBXFileReference; lastKnownFileType = sourcecode.swift; path = EditMedicationView.swift; sourceTree = "<group>"; };
		99AC87F32BCF380500EF6DFB /* GoogleService-Info.plist */ = {isa = PBXFileReference; fileEncoding = 4; lastKnownFileType = text.plist.xml; path = "GoogleService-Info.plist"; sourceTree = "<group>"; };
		99AF23662BCC5C5A002CEBE3 /* AuthManager.swift */ = {isa = PBXFileReference; lastKnownFileType = sourcecode.swift; path = AuthManager.swift; sourceTree = "<group>"; };
		99AF23682BCC7483002CEBE3 /* ListView.swift */ = {isa = PBXFileReference; lastKnownFileType = sourcecode.swift; path = ListView.swift; sourceTree = "<group>"; };
		99B0C5E22BD4823A003DBFCE /* PageLoadView.swift */ = {isa = PBXFileReference; lastKnownFileType = sourcecode.swift; path = PageLoadView.swift; sourceTree = "<group>"; };
		99B0C5E42BD48686003DBFCE /* MedicationsView.swift */ = {isa = PBXFileReference; lastKnownFileType = sourcecode.swift; path = MedicationsView.swift; sourceTree = "<group>"; };
		99B0C5E62BD486AC003DBFCE /* PharmaciesView.swift */ = {isa = PBXFileReference; lastKnownFileType = sourcecode.swift; path = PharmaciesView.swift; sourceTree = "<group>"; };
		99B0C5E82BD486D9003DBFCE /* PhysiciansView.swift */ = {isa = PBXFileReference; lastKnownFileType = sourcecode.swift; path = PhysiciansView.swift; sourceTree = "<group>"; };
		99B0C5EA2BD486EB003DBFCE /* BloodPresureLogView.swift */ = {isa = PBXFileReference; lastKnownFileType = sourcecode.swift; path = BloodPresureLogView.swift; sourceTree = "<group>"; };
/* End PBXFileReference section */

/* Begin PBXFrameworksBuildPhase section */
		991968412BC1F4B800DFA535 /* Frameworks */ = {
			isa = PBXFrameworksBuildPhase;
			buildActionMask = 2147483647;
			files = (
				991968752BC1F7DE00DFA535 /* FirebaseAnalytics in Frameworks */,
				991968772BC1F7DE00DFA535 /* FirebaseFirestore in Frameworks */,
				991968792BC1F7DE00DFA535 /* FirebaseFirestoreSwift in Frameworks */,
				99AF23652BCC58FE002CEBE3 /* FirebaseAuth in Frameworks */,
			);
			runOnlyForDeploymentPostprocessing = 0;
		};
		991968512BC1F4BA00DFA535 /* Frameworks */ = {
			isa = PBXFrameworksBuildPhase;
			buildActionMask = 2147483647;
			files = (
			);
			runOnlyForDeploymentPostprocessing = 0;
		};
		9919685B2BC1F4BA00DFA535 /* Frameworks */ = {
			isa = PBXFrameworksBuildPhase;
			buildActionMask = 2147483647;
			files = (
			);
			runOnlyForDeploymentPostprocessing = 0;
		};
/* End PBXFrameworksBuildPhase section */

/* Begin PBXGroup section */
		9919683B2BC1F4B800DFA535 = {
			isa = PBXGroup;
			children = (
				991968462BC1F4B800DFA535 /* HealthManagementTool */,
				991968572BC1F4BA00DFA535 /* HealthManagementToolTests */,
				991968612BC1F4BA00DFA535 /* HealthManagementToolUITests */,
				991968452BC1F4B800DFA535 /* Products */,
			);
			sourceTree = "<group>";
		};
		991968452BC1F4B800DFA535 /* Products */ = {
			isa = PBXGroup;
			children = (
				991968442BC1F4B800DFA535 /* HealthManagementTool.app */,
				991968542BC1F4BA00DFA535 /* HealthManagementToolTests.xctest */,
				9919685E2BC1F4BA00DFA535 /* HealthManagementToolUITests.xctest */,
			);
			name = Products;
			sourceTree = "<group>";
		};
		991968462BC1F4B800DFA535 /* HealthManagementTool */ = {
			isa = PBXGroup;
			children = (
				991968472BC1F4B800DFA535 /* HealthManagementToolApp.swift */,
				99AF23662BCC5C5A002CEBE3 /* AuthManager.swift */,
				99A9CE782BD887AA00345FEB /* View */,
				99A9CE772BD8876F00345FEB /* ViewModel */,
				99A9CE752BD8873500345FEB /* Model */,
				99AC87F32BCF380500EF6DFB /* GoogleService-Info.plist */,
				9919684B2BC1F4BA00DFA535 /* Assets.xcassets */,
				9919684D2BC1F4BA00DFA535 /* Preview Content */,
			);
			path = HealthManagementTool;
			sourceTree = "<group>";
		};
		9919684D2BC1F4BA00DFA535 /* Preview Content */ = {
			isa = PBXGroup;
			children = (
				9919684E2BC1F4BA00DFA535 /* Preview Assets.xcassets */,
			);
			path = "Preview Content";
			sourceTree = "<group>";
		};
		991968572BC1F4BA00DFA535 /* HealthManagementToolTests */ = {
			isa = PBXGroup;
			children = (
				991968582BC1F4BA00DFA535 /* HealthManagementToolTests.swift */,
			);
			path = HealthManagementToolTests;
			sourceTree = "<group>";
		};
		991968612BC1F4BA00DFA535 /* HealthManagementToolUITests */ = {
			isa = PBXGroup;
			children = (
				991968622BC1F4BA00DFA535 /* HealthManagementToolUITests.swift */,
				991968642BC1F4BA00DFA535 /* HealthManagementToolUITestsLaunchTests.swift */,
			);
			path = HealthManagementToolUITests;
			sourceTree = "<group>";
		};
		99A9CE742BD886E600345FEB /* Medications */ = {
			isa = PBXGroup;
			children = (
				99B0C5E42BD48686003DBFCE /* MedicationsView.swift */,
				99A9CE722BD7449600345FEB /* MedicationDetails.swift */,
				99A9CE7F2BDD9D1E00345FEB /* NewMedicationView.swift */,
				99A9CE812BDDA01B00345FEB /* EditMedicationView.swift */,
			);
			path = Medications;
			sourceTree = "<group>";
		};
		99A9CE752BD8873500345FEB /* Model */ = {
			isa = PBXGroup;
			children = (
				99A9CE702BD5BC7500345FEB /* MedicationModel.swift */,
			);
			path = Model;
			sourceTree = "<group>";
		};
		99A9CE772BD8876F00345FEB /* ViewModel */ = {
			isa = PBXGroup;
			children = (
				99A9CE6E2BD5B97200345FEB /* MedicationViewModel.swift */,
			);
			path = ViewModel;
			sourceTree = "<group>";
		};
		99A9CE782BD887AA00345FEB /* View */ = {
			isa = PBXGroup;
			children = (
				991968492BC1F4B800DFA535 /* ContentView.swift */,
				99B0C5E22BD4823A003DBFCE /* PageLoadView.swift */,
				99AF23682BCC7483002CEBE3 /* ListView.swift */,
				99A9CE742BD886E600345FEB /* Medications */,
				99A9CE792BD8882600345FEB /* Physicians */,
				99A9CE7A2BD8884800345FEB /* Pharmacies */,
				99A9CE7B2BD8888700345FEB /* BloodSugar */,
				99A9CE7C2BD8889400345FEB /* BloodPressure */,
			);
			path = View;
			sourceTree = "<group>";
		};
		99A9CE792BD8882600345FEB /* Physicians */ = {
			isa = PBXGroup;
			children = (
				99B0C5E82BD486D9003DBFCE /* PhysiciansView.swift */,
			);
			path = Physicians;
			sourceTree = "<group>";
		};
		99A9CE7A2BD8884800345FEB /* Pharmacies */ = {
			isa = PBXGroup;
			children = (
				99B0C5E62BD486AC003DBFCE /* PharmaciesView.swift */,
			);
			path = Pharmacies;
			sourceTree = "<group>";
		};
		99A9CE7B2BD8888700345FEB /* BloodSugar */ = {
			isa = PBXGroup;
			children = (
				99A9CE6A2BD5B49200345FEB /* BloodSugarLogView.swift */,
			);
			path = BloodSugar;
			sourceTree = "<group>";
		};
		99A9CE7C2BD8889400345FEB /* BloodPressure */ = {
			isa = PBXGroup;
			children = (
				99B0C5EA2BD486EB003DBFCE /* BloodPresureLogView.swift */,
			);
			path = BloodPressure;
			sourceTree = "<group>";
		};
/* End PBXGroup section */

/* Begin PBXNativeTarget section */
		991968432BC1F4B800DFA535 /* HealthManagementTool */ = {
			isa = PBXNativeTarget;
			buildConfigurationList = 991968682BC1F4BA00DFA535 /* Build configuration list for PBXNativeTarget "HealthManagementTool" */;
			buildPhases = (
				991968402BC1F4B800DFA535 /* Sources */,
				991968412BC1F4B800DFA535 /* Frameworks */,
				991968422BC1F4B800DFA535 /* Resources */,
			);
			buildRules = (
			);
			dependencies = (
			);
			name = HealthManagementTool;
			packageProductDependencies = (
				991968742BC1F7DE00DFA535 /* FirebaseAnalytics */,
				991968762BC1F7DE00DFA535 /* FirebaseFirestore */,
				991968782BC1F7DE00DFA535 /* FirebaseFirestoreSwift */,
				99AF23642BCC58FE002CEBE3 /* FirebaseAuth */,
			);
			productName = HealthManagementTool;
			productReference = 991968442BC1F4B800DFA535 /* HealthManagementTool.app */;
			productType = "com.apple.product-type.application";
		};
		991968532BC1F4BA00DFA535 /* HealthManagementToolTests */ = {
			isa = PBXNativeTarget;
			buildConfigurationList = 9919686B2BC1F4BA00DFA535 /* Build configuration list for PBXNativeTarget "HealthManagementToolTests" */;
			buildPhases = (
				991968502BC1F4BA00DFA535 /* Sources */,
				991968512BC1F4BA00DFA535 /* Frameworks */,
				991968522BC1F4BA00DFA535 /* Resources */,
			);
			buildRules = (
			);
			dependencies = (
				991968562BC1F4BA00DFA535 /* PBXTargetDependency */,
			);
			name = HealthManagementToolTests;
			productName = HealthManagementToolTests;
			productReference = 991968542BC1F4BA00DFA535 /* HealthManagementToolTests.xctest */;
			productType = "com.apple.product-type.bundle.unit-test";
		};
		9919685D2BC1F4BA00DFA535 /* HealthManagementToolUITests */ = {
			isa = PBXNativeTarget;
			buildConfigurationList = 9919686E2BC1F4BA00DFA535 /* Build configuration list for PBXNativeTarget "HealthManagementToolUITests" */;
			buildPhases = (
				9919685A2BC1F4BA00DFA535 /* Sources */,
				9919685B2BC1F4BA00DFA535 /* Frameworks */,
				9919685C2BC1F4BA00DFA535 /* Resources */,
			);
			buildRules = (
			);
			dependencies = (
				991968602BC1F4BA00DFA535 /* PBXTargetDependency */,
			);
			name = HealthManagementToolUITests;
			productName = HealthManagementToolUITests;
			productReference = 9919685E2BC1F4BA00DFA535 /* HealthManagementToolUITests.xctest */;
			productType = "com.apple.product-type.bundle.ui-testing";
		};
/* End PBXNativeTarget section */

/* Begin PBXProject section */
		9919683C2BC1F4B800DFA535 /* Project object */ = {
			isa = PBXProject;
			attributes = {
				BuildIndependentTargetsInParallel = 1;
				LastSwiftUpdateCheck = 1520;
				LastUpgradeCheck = 1520;
				TargetAttributes = {
					991968432BC1F4B800DFA535 = {
						CreatedOnToolsVersion = 15.2;
					};
					991968532BC1F4BA00DFA535 = {
						CreatedOnToolsVersion = 15.2;
						TestTargetID = 991968432BC1F4B800DFA535;
					};
					9919685D2BC1F4BA00DFA535 = {
						CreatedOnToolsVersion = 15.2;
						TestTargetID = 991968432BC1F4B800DFA535;
					};
				};
			};
			buildConfigurationList = 9919683F2BC1F4B800DFA535 /* Build configuration list for PBXProject "HealthManagementTool" */;
			compatibilityVersion = "Xcode 14.0";
			developmentRegion = en;
			hasScannedForEncodings = 0;
			knownRegions = (
				en,
				Base,
			);
			mainGroup = 9919683B2BC1F4B800DFA535;
			packageReferences = (
				991968732BC1F7DE00DFA535 /* XCRemoteSwiftPackageReference "firebase-ios-sdk" */,
			);
			productRefGroup = 991968452BC1F4B800DFA535 /* Products */;
			projectDirPath = "";
			projectRoot = "";
			targets = (
				991968432BC1F4B800DFA535 /* HealthManagementTool */,
				991968532BC1F4BA00DFA535 /* HealthManagementToolTests */,
				9919685D2BC1F4BA00DFA535 /* HealthManagementToolUITests */,
			);
		};
/* End PBXProject section */

/* Begin PBXResourcesBuildPhase section */
		991968422BC1F4B800DFA535 /* Resources */ = {
			isa = PBXResourcesBuildPhase;
			buildActionMask = 2147483647;
			files = (
				9919684F2BC1F4BA00DFA535 /* Preview Assets.xcassets in Resources */,
				99AC87F42BCF380500EF6DFB /* GoogleService-Info.plist in Resources */,
				9919684C2BC1F4BA00DFA535 /* Assets.xcassets in Resources */,
			);
			runOnlyForDeploymentPostprocessing = 0;
		};
		991968522BC1F4BA00DFA535 /* Resources */ = {
			isa = PBXResourcesBuildPhase;
			buildActionMask = 2147483647;
			files = (
			);
			runOnlyForDeploymentPostprocessing = 0;
		};
		9919685C2BC1F4BA00DFA535 /* Resources */ = {
			isa = PBXResourcesBuildPhase;
			buildActionMask = 2147483647;
			files = (
			);
			runOnlyForDeploymentPostprocessing = 0;
		};
/* End PBXResourcesBuildPhase section */

/* Begin PBXSourcesBuildPhase section */
		991968402BC1F4B800DFA535 /* Sources */ = {
			isa = PBXSourcesBuildPhase;
			buildActionMask = 2147483647;
			files = (
				99A9CE6F2BD5B97200345FEB /* MedicationViewModel.swift in Sources */,
				99AF23692BCC7483002CEBE3 /* ListView.swift in Sources */,
				99A9CE732BD7449600345FEB /* MedicationDetails.swift in Sources */,
				99A9CE712BD5BC7500345FEB /* MedicationModel.swift in Sources */,
				99A9CE802BDD9D1E00345FEB /* NewMedicationView.swift in Sources */,
				9919684A2BC1F4B800DFA535 /* ContentView.swift in Sources */,
				99AF23672BCC5C5A002CEBE3 /* AuthManager.swift in Sources */,
				99A9CE822BDDA01B00345FEB /* EditMedicationView.swift in Sources */,
				99A9CE6B2BD5B49200345FEB /* BloodSugarLogView.swift in Sources */,
				99B0C5EB2BD486EB003DBFCE /* BloodPresureLogView.swift in Sources */,
				99B0C5E52BD48686003DBFCE /* MedicationsView.swift in Sources */,
				99B0C5E72BD486AC003DBFCE /* PharmaciesView.swift in Sources */,
				99B0C5E92BD486D9003DBFCE /* PhysiciansView.swift in Sources */,
				991968482BC1F4B800DFA535 /* HealthManagementToolApp.swift in Sources */,
				99B0C5E32BD4823A003DBFCE /* PageLoadView.swift in Sources */,
			);
			runOnlyForDeploymentPostprocessing = 0;
		};
		991968502BC1F4BA00DFA535 /* Sources */ = {
			isa = PBXSourcesBuildPhase;
			buildActionMask = 2147483647;
			files = (
				991968592BC1F4BA00DFA535 /* HealthManagementToolTests.swift in Sources */,
			);
			runOnlyForDeploymentPostprocessing = 0;
		};
		9919685A2BC1F4BA00DFA535 /* Sources */ = {
			isa = PBXSourcesBuildPhase;
			buildActionMask = 2147483647;
			files = (
				991968632BC1F4BA00DFA535 /* HealthManagementToolUITests.swift in Sources */,
				991968652BC1F4BA00DFA535 /* HealthManagementToolUITestsLaunchTests.swift in Sources */,
			);
			runOnlyForDeploymentPostprocessing = 0;
		};
/* End PBXSourcesBuildPhase section */

/* Begin PBXTargetDependency section */
		991968562BC1F4BA00DFA535 /* PBXTargetDependency */ = {
			isa = PBXTargetDependency;
			target = 991968432BC1F4B800DFA535 /* HealthManagementTool */;
			targetProxy = 991968552BC1F4BA00DFA535 /* PBXContainerItemProxy */;
		};
		991968602BC1F4BA00DFA535 /* PBXTargetDependency */ = {
			isa = PBXTargetDependency;
			target = 991968432BC1F4B800DFA535 /* HealthManagementTool */;
			targetProxy = 9919685F2BC1F4BA00DFA535 /* PBXContainerItemProxy */;
		};
/* End PBXTargetDependency section */

/* Begin XCBuildConfiguration section */
		991968662BC1F4BA00DFA535 /* Debug */ = {
			isa = XCBuildConfiguration;
			buildSettings = {
				ALWAYS_SEARCH_USER_PATHS = NO;
				ASSETCATALOG_COMPILER_GENERATE_SWIFT_ASSET_SYMBOL_EXTENSIONS = YES;
				CLANG_ANALYZER_NONNULL = YES;
				CLANG_ANALYZER_NUMBER_OBJECT_CONVERSION = YES_AGGRESSIVE;
				CLANG_CXX_LANGUAGE_STANDARD = "gnu++20";
				CLANG_ENABLE_MODULES = YES;
				CLANG_ENABLE_OBJC_ARC = YES;
				CLANG_ENABLE_OBJC_WEAK = YES;
				CLANG_WARN_BLOCK_CAPTURE_AUTORELEASING = YES;
				CLANG_WARN_BOOL_CONVERSION = YES;
				CLANG_WARN_COMMA = YES;
				CLANG_WARN_CONSTANT_CONVERSION = YES;
				CLANG_WARN_DEPRECATED_OBJC_IMPLEMENTATIONS = YES;
				CLANG_WARN_DIRECT_OBJC_ISA_USAGE = YES_ERROR;
				CLANG_WARN_DOCUMENTATION_COMMENTS = YES;
				CLANG_WARN_EMPTY_BODY = YES;
				CLANG_WARN_ENUM_CONVERSION = YES;
				CLANG_WARN_INFINITE_RECURSION = YES;
				CLANG_WARN_INT_CONVERSION = YES;
				CLANG_WARN_NON_LITERAL_NULL_CONVERSION = YES;
				CLANG_WARN_OBJC_IMPLICIT_RETAIN_SELF = YES;
				CLANG_WARN_OBJC_LITERAL_CONVERSION = YES;
				CLANG_WARN_OBJC_ROOT_CLASS = YES_ERROR;
				CLANG_WARN_QUOTED_INCLUDE_IN_FRAMEWORK_HEADER = YES;
				CLANG_WARN_RANGE_LOOP_ANALYSIS = YES;
				CLANG_WARN_STRICT_PROTOTYPES = YES;
				CLANG_WARN_SUSPICIOUS_MOVE = YES;
				CLANG_WARN_UNGUARDED_AVAILABILITY = YES_AGGRESSIVE;
				CLANG_WARN_UNREACHABLE_CODE = YES;
				CLANG_WARN__DUPLICATE_METHOD_MATCH = YES;
				COPY_PHASE_STRIP = NO;
				DEBUG_INFORMATION_FORMAT = dwarf;
				ENABLE_STRICT_OBJC_MSGSEND = YES;
				ENABLE_TESTABILITY = YES;
				ENABLE_USER_SCRIPT_SANDBOXING = YES;
				GCC_C_LANGUAGE_STANDARD = gnu17;
				GCC_DYNAMIC_NO_PIC = NO;
				GCC_NO_COMMON_BLOCKS = YES;
				GCC_OPTIMIZATION_LEVEL = 0;
				GCC_PREPROCESSOR_DEFINITIONS = (
					"DEBUG=1",
					"$(inherited)",
				);
				GCC_WARN_64_TO_32_BIT_CONVERSION = YES;
				GCC_WARN_ABOUT_RETURN_TYPE = YES_ERROR;
				GCC_WARN_UNDECLARED_SELECTOR = YES;
				GCC_WARN_UNINITIALIZED_AUTOS = YES_AGGRESSIVE;
				GCC_WARN_UNUSED_FUNCTION = YES;
				GCC_WARN_UNUSED_VARIABLE = YES;
				IPHONEOS_DEPLOYMENT_TARGET = 17.2;
				LOCALIZATION_PREFERS_STRING_CATALOGS = YES;
				MTL_ENABLE_DEBUG_INFO = INCLUDE_SOURCE;
				MTL_FAST_MATH = YES;
				ONLY_ACTIVE_ARCH = YES;
				SDKROOT = iphoneos;
				SWIFT_ACTIVE_COMPILATION_CONDITIONS = "DEBUG $(inherited)";
				SWIFT_OPTIMIZATION_LEVEL = "-Onone";
			};
			name = Debug;
		};
		991968672BC1F4BA00DFA535 /* Release */ = {
			isa = XCBuildConfiguration;
			buildSettings = {
				ALWAYS_SEARCH_USER_PATHS = NO;
				ASSETCATALOG_COMPILER_GENERATE_SWIFT_ASSET_SYMBOL_EXTENSIONS = YES;
				CLANG_ANALYZER_NONNULL = YES;
				CLANG_ANALYZER_NUMBER_OBJECT_CONVERSION = YES_AGGRESSIVE;
				CLANG_CXX_LANGUAGE_STANDARD = "gnu++20";
				CLANG_ENABLE_MODULES = YES;
				CLANG_ENABLE_OBJC_ARC = YES;
				CLANG_ENABLE_OBJC_WEAK = YES;
				CLANG_WARN_BLOCK_CAPTURE_AUTORELEASING = YES;
				CLANG_WARN_BOOL_CONVERSION = YES;
				CLANG_WARN_COMMA = YES;
				CLANG_WARN_CONSTANT_CONVERSION = YES;
				CLANG_WARN_DEPRECATED_OBJC_IMPLEMENTATIONS = YES;
				CLANG_WARN_DIRECT_OBJC_ISA_USAGE = YES_ERROR;
				CLANG_WARN_DOCUMENTATION_COMMENTS = YES;
				CLANG_WARN_EMPTY_BODY = YES;
				CLANG_WARN_ENUM_CONVERSION = YES;
				CLANG_WARN_INFINITE_RECURSION = YES;
				CLANG_WARN_INT_CONVERSION = YES;
				CLANG_WARN_NON_LITERAL_NULL_CONVERSION = YES;
				CLANG_WARN_OBJC_IMPLICIT_RETAIN_SELF = YES;
				CLANG_WARN_OBJC_LITERAL_CONVERSION = YES;
				CLANG_WARN_OBJC_ROOT_CLASS = YES_ERROR;
				CLANG_WARN_QUOTED_INCLUDE_IN_FRAMEWORK_HEADER = YES;
				CLANG_WARN_RANGE_LOOP_ANALYSIS = YES;
				CLANG_WARN_STRICT_PROTOTYPES = YES;
				CLANG_WARN_SUSPICIOUS_MOVE = YES;
				CLANG_WARN_UNGUARDED_AVAILABILITY = YES_AGGRESSIVE;
				CLANG_WARN_UNREACHABLE_CODE = YES;
				CLANG_WARN__DUPLICATE_METHOD_MATCH = YES;
				COPY_PHASE_STRIP = NO;
				DEBUG_INFORMATION_FORMAT = "dwarf-with-dsym";
				ENABLE_NS_ASSERTIONS = NO;
				ENABLE_STRICT_OBJC_MSGSEND = YES;
				ENABLE_USER_SCRIPT_SANDBOXING = YES;
				GCC_C_LANGUAGE_STANDARD = gnu17;
				GCC_NO_COMMON_BLOCKS = YES;
				GCC_WARN_64_TO_32_BIT_CONVERSION = YES;
				GCC_WARN_ABOUT_RETURN_TYPE = YES_ERROR;
				GCC_WARN_UNDECLARED_SELECTOR = YES;
				GCC_WARN_UNINITIALIZED_AUTOS = YES_AGGRESSIVE;
				GCC_WARN_UNUSED_FUNCTION = YES;
				GCC_WARN_UNUSED_VARIABLE = YES;
				IPHONEOS_DEPLOYMENT_TARGET = 17.2;
				LOCALIZATION_PREFERS_STRING_CATALOGS = YES;
				MTL_ENABLE_DEBUG_INFO = NO;
				MTL_FAST_MATH = YES;
				SDKROOT = iphoneos;
				SWIFT_COMPILATION_MODE = wholemodule;
				VALIDATE_PRODUCT = YES;
			};
			name = Release;
		};
		991968692BC1F4BA00DFA535 /* Debug */ = {
			isa = XCBuildConfiguration;
			buildSettings = {
				ASSETCATALOG_COMPILER_APPICON_NAME = AppIcon;
				ASSETCATALOG_COMPILER_GLOBAL_ACCENT_COLOR_NAME = AccentColor;
				CODE_SIGN_STYLE = Automatic;
				CURRENT_PROJECT_VERSION = 1;
				DEVELOPMENT_ASSET_PATHS = "\"HealthManagementTool/Preview Content\"";
				DEVELOPMENT_TEAM = 6C8U79Z6QY;
				ENABLE_PREVIEWS = YES;
				GENERATE_INFOPLIST_FILE = YES;
				INFOPLIST_KEY_UIApplicationSceneManifest_Generation = YES;
				INFOPLIST_KEY_UIApplicationSupportsIndirectInputEvents = YES;
				INFOPLIST_KEY_UILaunchScreen_Generation = YES;
				INFOPLIST_KEY_UISupportedInterfaceOrientations_iPad = "UIInterfaceOrientationPortrait UIInterfaceOrientationPortraitUpsideDown UIInterfaceOrientationLandscapeLeft UIInterfaceOrientationLandscapeRight";
				INFOPLIST_KEY_UISupportedInterfaceOrientations_iPhone = "UIInterfaceOrientationPortrait UIInterfaceOrientationLandscapeLeft UIInterfaceOrientationLandscapeRight";
				LD_RUNPATH_SEARCH_PATHS = (
					"$(inherited)",
					"@executable_path/Frameworks",
				);
				MARKETING_VERSION = 1.0;
				PRODUCT_BUNDLE_IDENTIFIER = "Blaire-Grant.HealthManagementTool";
				PRODUCT_NAME = "$(TARGET_NAME)";
				SWIFT_EMIT_LOC_STRINGS = YES;
				SWIFT_VERSION = 5.0;
				TARGETED_DEVICE_FAMILY = "1,2";
			};
			name = Debug;
		};
		9919686A2BC1F4BA00DFA535 /* Release */ = {
			isa = XCBuildConfiguration;
			buildSettings = {
				ASSETCATALOG_COMPILER_APPICON_NAME = AppIcon;
				ASSETCATALOG_COMPILER_GLOBAL_ACCENT_COLOR_NAME = AccentColor;
				CODE_SIGN_STYLE = Automatic;
				CURRENT_PROJECT_VERSION = 1;
				DEVELOPMENT_ASSET_PATHS = "\"HealthManagementTool/Preview Content\"";
				DEVELOPMENT_TEAM = 6C8U79Z6QY;
				ENABLE_PREVIEWS = YES;
				GENERATE_INFOPLIST_FILE = YES;
				INFOPLIST_KEY_UIApplicationSceneManifest_Generation = YES;
				INFOPLIST_KEY_UIApplicationSupportsIndirectInputEvents = YES;
				INFOPLIST_KEY_UILaunchScreen_Generation = YES;
				INFOPLIST_KEY_UISupportedInterfaceOrientations_iPad = "UIInterfaceOrientationPortrait UIInterfaceOrientationPortraitUpsideDown UIInterfaceOrientationLandscapeLeft UIInterfaceOrientationLandscapeRight";
				INFOPLIST_KEY_UISupportedInterfaceOrientations_iPhone = "UIInterfaceOrientationPortrait UIInterfaceOrientationLandscapeLeft UIInterfaceOrientationLandscapeRight";
				LD_RUNPATH_SEARCH_PATHS = (
					"$(inherited)",
					"@executable_path/Frameworks",
				);
				MARKETING_VERSION = 1.0;
				PRODUCT_BUNDLE_IDENTIFIER = "Blaire-Grant.HealthManagementTool";
				PRODUCT_NAME = "$(TARGET_NAME)";
				SWIFT_EMIT_LOC_STRINGS = YES;
				SWIFT_VERSION = 5.0;
				TARGETED_DEVICE_FAMILY = "1,2";
			};
			name = Release;
		};
		9919686C2BC1F4BA00DFA535 /* Debug */ = {
			isa = XCBuildConfiguration;
			buildSettings = {
				ALWAYS_EMBED_SWIFT_STANDARD_LIBRARIES = YES;
				BUNDLE_LOADER = "$(TEST_HOST)";
				CODE_SIGN_STYLE = Automatic;
				CURRENT_PROJECT_VERSION = 1;
				DEVELOPMENT_TEAM = 6C8U79Z6QY;
				GENERATE_INFOPLIST_FILE = YES;
				IPHONEOS_DEPLOYMENT_TARGET = 17.2;
				MARKETING_VERSION = 1.0;
				PRODUCT_BUNDLE_IDENTIFIER = "Blaire-Grant.HealthManagementToolTests";
				PRODUCT_NAME = "$(TARGET_NAME)";
				SWIFT_EMIT_LOC_STRINGS = NO;
				SWIFT_VERSION = 5.0;
				TARGETED_DEVICE_FAMILY = "1,2";
				TEST_HOST = "$(BUILT_PRODUCTS_DIR)/HealthManagementTool.app/$(BUNDLE_EXECUTABLE_FOLDER_PATH)/HealthManagementTool";
			};
			name = Debug;
		};
		9919686D2BC1F4BA00DFA535 /* Release */ = {
			isa = XCBuildConfiguration;
			buildSettings = {
				ALWAYS_EMBED_SWIFT_STANDARD_LIBRARIES = YES;
				BUNDLE_LOADER = "$(TEST_HOST)";
				CODE_SIGN_STYLE = Automatic;
				CURRENT_PROJECT_VERSION = 1;
				DEVELOPMENT_TEAM = 6C8U79Z6QY;
				GENERATE_INFOPLIST_FILE = YES;
				IPHONEOS_DEPLOYMENT_TARGET = 17.2;
				MARKETING_VERSION = 1.0;
				PRODUCT_BUNDLE_IDENTIFIER = "Blaire-Grant.HealthManagementToolTests";
				PRODUCT_NAME = "$(TARGET_NAME)";
				SWIFT_EMIT_LOC_STRINGS = NO;
				SWIFT_VERSION = 5.0;
				TARGETED_DEVICE_FAMILY = "1,2";
				TEST_HOST = "$(BUILT_PRODUCTS_DIR)/HealthManagementTool.app/$(BUNDLE_EXECUTABLE_FOLDER_PATH)/HealthManagementTool";
			};
			name = Release;
		};
		9919686F2BC1F4BA00DFA535 /* Debug */ = {
			isa = XCBuildConfiguration;
			buildSettings = {
				ALWAYS_EMBED_SWIFT_STANDARD_LIBRARIES = YES;
				CODE_SIGN_STYLE = Automatic;
				CURRENT_PROJECT_VERSION = 1;
				DEVELOPMENT_TEAM = 6C8U79Z6QY;
				GENERATE_INFOPLIST_FILE = YES;
				MARKETING_VERSION = 1.0;
				PRODUCT_BUNDLE_IDENTIFIER = "Blaire-Grant.HealthManagementToolUITests";
				PRODUCT_NAME = "$(TARGET_NAME)";
				SWIFT_EMIT_LOC_STRINGS = NO;
				SWIFT_VERSION = 5.0;
				TARGETED_DEVICE_FAMILY = "1,2";
				TEST_TARGET_NAME = HealthManagementTool;
			};
			name = Debug;
		};
		991968702BC1F4BA00DFA535 /* Release */ = {
			isa = XCBuildConfiguration;
			buildSettings = {
				ALWAYS_EMBED_SWIFT_STANDARD_LIBRARIES = YES;
				CODE_SIGN_STYLE = Automatic;
				CURRENT_PROJECT_VERSION = 1;
				DEVELOPMENT_TEAM = 6C8U79Z6QY;
				GENERATE_INFOPLIST_FILE = YES;
				MARKETING_VERSION = 1.0;
				PRODUCT_BUNDLE_IDENTIFIER = "Blaire-Grant.HealthManagementToolUITests";
				PRODUCT_NAME = "$(TARGET_NAME)";
				SWIFT_EMIT_LOC_STRINGS = NO;
				SWIFT_VERSION = 5.0;
				TARGETED_DEVICE_FAMILY = "1,2";
				TEST_TARGET_NAME = HealthManagementTool;
			};
			name = Release;
		};
/* End XCBuildConfiguration section */

/* Begin XCConfigurationList section */
		9919683F2BC1F4B800DFA535 /* Build configuration list for PBXProject "HealthManagementTool" */ = {
			isa = XCConfigurationList;
			buildConfigurations = (
				991968662BC1F4BA00DFA535 /* Debug */,
				991968672BC1F4BA00DFA535 /* Release */,
			);
			defaultConfigurationIsVisible = 0;
			defaultConfigurationName = Release;
		};
		991968682BC1F4BA00DFA535 /* Build configuration list for PBXNativeTarget "HealthManagementTool" */ = {
			isa = XCConfigurationList;
			buildConfigurations = (
				991968692BC1F4BA00DFA535 /* Debug */,
				9919686A2BC1F4BA00DFA535 /* Release */,
			);
			defaultConfigurationIsVisible = 0;
			defaultConfigurationName = Release;
		};
		9919686B2BC1F4BA00DFA535 /* Build configuration list for PBXNativeTarget "HealthManagementToolTests" */ = {
			isa = XCConfigurationList;
			buildConfigurations = (
				9919686C2BC1F4BA00DFA535 /* Debug */,
				9919686D2BC1F4BA00DFA535 /* Release */,
			);
			defaultConfigurationIsVisible = 0;
			defaultConfigurationName = Release;
		};
		9919686E2BC1F4BA00DFA535 /* Build configuration list for PBXNativeTarget "HealthManagementToolUITests" */ = {
			isa = XCConfigurationList;
			buildConfigurations = (
				9919686F2BC1F4BA00DFA535 /* Debug */,
				991968702BC1F4BA00DFA535 /* Release */,
			);
			defaultConfigurationIsVisible = 0;
			defaultConfigurationName = Release;
		};
/* End XCConfigurationList section */

/* Begin XCRemoteSwiftPackageReference section */
		991968732BC1F7DE00DFA535 /* XCRemoteSwiftPackageReference "firebase-ios-sdk" */ = {
			isa = XCRemoteSwiftPackageReference;
			repositoryURL = "https://github.com/firebase/firebase-ios-sdk";
			requirement = {
				kind = upToNextMajorVersion;
				minimumVersion = 10.23.1;
			};
		};
/* End XCRemoteSwiftPackageReference section */

/* Begin XCSwiftPackageProductDependency section */
		991968742BC1F7DE00DFA535 /* FirebaseAnalytics */ = {
			isa = XCSwiftPackageProductDependency;
			package = 991968732BC1F7DE00DFA535 /* XCRemoteSwiftPackageReference "firebase-ios-sdk" */;
			productName = FirebaseAnalytics;
		};
		991968762BC1F7DE00DFA535 /* FirebaseFirestore */ = {
			isa = XCSwiftPackageProductDependency;
			package = 991968732BC1F7DE00DFA535 /* XCRemoteSwiftPackageReference "firebase-ios-sdk" */;
			productName = FirebaseFirestore;
		};
		991968782BC1F7DE00DFA535 /* FirebaseFirestoreSwift */ = {
			isa = XCSwiftPackageProductDependency;
			package = 991968732BC1F7DE00DFA535 /* XCRemoteSwiftPackageReference "firebase-ios-sdk" */;
			productName = FirebaseFirestoreSwift;
		};
		99AF23642BCC58FE002CEBE3 /* FirebaseAuth */ = {
			isa = XCSwiftPackageProductDependency;
			package = 991968732BC1F7DE00DFA535 /* XCRemoteSwiftPackageReference "firebase-ios-sdk" */;
			productName = FirebaseAuth;
		};
/* End XCSwiftPackageProductDependency section */
	};
	rootObject = 9919683C2BC1F4B800DFA535 /* Project object */;
}
